
Microsoft Visual Studio Solution File, Format Version 12.00
# Visual Studio 14
VisualStudioVersion = 14.0.25123.0
MinimumVisualStudioVersion = 10.0.40219.1
Project("{FAE04EC0-301F-11D3-BF4B-00C04F79EFBC}") = "Stockfighter.Core", "Stockfighter.Core\Stockfighter.Core.csproj", "{134E733E-760E-4997-84C3-873652733606}"
EndProject
Project("{FAE04EC0-301F-11D3-BF4B-00C04F79EFBC}") = "Stockfighter.Tests", "Stockfighter.Tests\Stockfighter.Tests.csproj", "{D4B5628C-20AA-4CE7-B7A9-C982D9B639D6}"
EndProject
Global
	GlobalSection(SolutionConfigurationPlatforms) = preSolution
		Debug|Any CPU = Debug|Any CPU
		Release|Any CPU = Release|Any CPU
	EndGlobalSection
	GlobalSection(ProjectConfigurationPlatforms) = postSolution
		{134E733E-760E-4997-84C3-873652733606}.Debug|Any CPU.ActiveCfg = Debug|Any CPU
		{134E733E-760E-4997-84C3-873652733606}.Debug|Any CPU.Build.0 = Debug|Any CPU
		{134E733E-760E-4997-84C3-873652733606}.Release|Any CPU.ActiveCfg = Release|Any CPU
		{134E733E-760E-4997-84C3-873652733606}.Release|Any CPU.Build.0 = Release|Any CPU
		{D4B5628C-20AA-4CE7-B7A9-C982D9B639D6}.Debug|Any CPU.ActiveCfg = Debug|Any CPU
		{D4B5628C-20AA-4CE7-B7A9-C982D9B639D6}.Debug|Any CPU.Build.0 = Debug|Any CPU
		{D4B5628C-20AA-4CE7-B7A9-C982D9B639D6}.Release|Any CPU.ActiveCfg = Release|Any CPU
		{D4B5628C-20AA-4CE7-B7A9-C982D9B639D6}.Release|Any CPU.Build.0 = Release|Any CPU
	EndGlobalSection
	GlobalSection(SolutionProperties) = preSolution
		HideSolutionNode = FALSE
	EndGlobalSection
EndGlobal
